
Microsoft Visual Studio Solution File, Format Version 12.00
# Visual Studio Version 17
VisualStudioVersion = 17.6.33829.357
MinimumVisualStudioVersion = 10.0.40219.1
Project("{FAE04EC0-301F-11D3-BF4B-00C04F79EFBC}") = "NCA_FA2", "NCA_FA2\NCA_FA2.csproj", "{A7E5A7A4-4F53-418C-AFE5-B6F124A1A173}"
EndProject
Global
	GlobalSection(SolutionConfigurationPlatforms) = preSolution
		Debug|Any CPU = Debug|Any CPU
		Release|Any CPU = Release|Any CPU
	EndGlobalSection
	GlobalSection(ProjectConfigurationPlatforms) = postSolution
		{A7E5A7A4-4F53-418C-AFE5-B6F124A1A173}.Debug|Any CPU.ActiveCfg = Debug|Any CPU
		{A7E5A7A4-4F53-418C-AFE5-B6F124A1A173}.Debug|Any CPU.Build.0 = Debug|Any CPU
		{A7E5A7A4-4F53-418C-AFE5-B6F124A1A173}.Release|Any CPU.ActiveCfg = Release|Any CPU
		{A7E5A7A4-4F53-418C-AFE5-B6F124A1A173}.Release|Any CPU.Build.0 = Release|Any CPU
	EndGlobalSection
	GlobalSection(SolutionProperties) = preSolution
		HideSolutionNode = FALSE
	EndGlobalSection
	GlobalSection(ExtensibilityGlobals) = postSolution
		SolutionGuid = {7815586D-364C-435F-A676-ACE359A6D907}
	EndGlobalSection
EndGlobal
